
Microsoft Visual Studio Solution File, Format Version 12.00
# Visual Studio Version 17
VisualStudioVersion = 17.7.34031.279
MinimumVisualStudioVersion = 10.0.40219.1
Project("{FAE04EC0-301F-11D3-BF4B-00C04F79EFBC}") = "list koleksiyonu", "list koleksiyonu\list koleksiyonu.csproj", "{5697AB6D-BD3B-461C-9ED8-B79EF64CB2BA}"
EndProject
Global
	GlobalSection(SolutionConfigurationPlatforms) = preSolution
		Debug|Any CPU = Debug|Any CPU
		Release|Any CPU = Release|Any CPU
	EndGlobalSection
	GlobalSection(ProjectConfigurationPlatforms) = postSolution
		{5697AB6D-BD3B-461C-9ED8-B79EF64CB2BA}.Debug|Any CPU.ActiveCfg = Debug|Any CPU
		{5697AB6D-BD3B-461C-9ED8-B79EF64CB2BA}.Debug|Any CPU.Build.0 = Debug|Any CPU
		{5697AB6D-BD3B-461C-9ED8-B79EF64CB2BA}.Release|Any CPU.ActiveCfg = Release|Any CPU
		{5697AB6D-BD3B-461C-9ED8-B79EF64CB2BA}.Release|Any CPU.Build.0 = Release|Any CPU
	EndGlobalSection
	GlobalSection(SolutionProperties) = preSolution
		HideSolutionNode = FALSE
	EndGlobalSection
	GlobalSection(ExtensibilityGlobals) = postSolution
		SolutionGuid = {385173D4-0D06-45CE-BEDE-1BA5997E07C4}
	EndGlobalSection
EndGlobal
